
Microsoft Visual Studio Solution File, Format Version 12.00
# Visual Studio 15
VisualStudioVersion = 15.0.27130.2027
MinimumVisualStudioVersion = 10.0.40219.1
Project("{FAE04EC0-301F-11D3-BF4B-00C04F79EFBC}") = "Tamsi", "Tamsi\Tamsi.csproj", "{5E51B7D9-ECBA-4450-9D4A-30E4217E7B50}"
EndProject
Global
	GlobalSection(SolutionConfigurationPlatforms) = preSolution
		Debug|Any CPU = Debug|Any CPU
		Release|Any CPU = Release|Any CPU
	EndGlobalSection
	GlobalSection(ProjectConfigurationPlatforms) = postSolution
		{5E51B7D9-ECBA-4450-9D4A-30E4217E7B50}.Debug|Any CPU.ActiveCfg = Debug|Any CPU
		{5E51B7D9-ECBA-4450-9D4A-30E4217E7B50}.Debug|Any CPU.Build.0 = Debug|Any CPU
		{5E51B7D9-ECBA-4450-9D4A-30E4217E7B50}.Release|Any CPU.ActiveCfg = Release|Any CPU
		{5E51B7D9-ECBA-4450-9D4A-30E4217E7B50}.Release|Any CPU.Build.0 = Release|Any CPU
	EndGlobalSection
	GlobalSection(SolutionProperties) = preSolution
		HideSolutionNode = FALSE
	EndGlobalSection
	GlobalSection(ExtensibilityGlobals) = postSolution
		SolutionGuid = {C5CC94DA-31FF-45CB-8EEF-CDC2EF1A04F6}
	EndGlobalSection
EndGlobal
